
Microsoft Visual Studio Solution File, Format Version 12.00
# Visual Studio Version 17
VisualStudioVersion = 17.8.34309.116
MinimumVisualStudioVersion = 10.0.40219.1
Project("{FAE04EC0-301F-11D3-BF4B-00C04F79EFBC}") = "GiocoDado", "GiocoDado\GiocoDado.csproj", "{4F74B7AF-A785-4BC9-A686-EDD91157AE66}"
EndProject
Global
	GlobalSection(SolutionConfigurationPlatforms) = preSolution
		Debug|Any CPU = Debug|Any CPU
		Release|Any CPU = Release|Any CPU
	EndGlobalSection
	GlobalSection(ProjectConfigurationPlatforms) = postSolution
		{4F74B7AF-A785-4BC9-A686-EDD91157AE66}.Debug|Any CPU.ActiveCfg = Debug|Any CPU
		{4F74B7AF-A785-4BC9-A686-EDD91157AE66}.Debug|Any CPU.Build.0 = Debug|Any CPU
		{4F74B7AF-A785-4BC9-A686-EDD91157AE66}.Release|Any CPU.ActiveCfg = Release|Any CPU
		{4F74B7AF-A785-4BC9-A686-EDD91157AE66}.Release|Any CPU.Build.0 = Release|Any CPU
	EndGlobalSection
	GlobalSection(SolutionProperties) = preSolution
		HideSolutionNode = FALSE
	EndGlobalSection
	GlobalSection(ExtensibilityGlobals) = postSolution
		SolutionGuid = {D336E592-6AFD-4DE6-A4E9-123DE67026A4}
	EndGlobalSection
EndGlobal
